
Microsoft Visual Studio Solution File, Format Version 12.00
# Visual Studio 14
VisualStudioVersion = 14.0.23107.0
MinimumVisualStudioVersion = 10.0.40219.1
Project("{FAE04EC0-301F-11D3-BF4B-00C04F79EFBC}") = "PrimeNumbersGenerator", "PrimeNumbersGenerator\PrimeNumbersGenerator.csproj", "{0126C216-0F06-455B-A487-2D6757CD5852}"
EndProject
Project("{FAE04EC0-301F-11D3-BF4B-00C04F79EFBC}") = "PrimeNumbersGenerator.Tests", "PrimeNumbersGenerator.Tests\PrimeNumbersGenerator.Tests.csproj", "{8B7AD0E4-ABA7-4278-8FB4-72D560D24764}"
EndProject
Global
	GlobalSection(SolutionConfigurationPlatforms) = preSolution
		Debug|Any CPU = Debug|Any CPU
		Release|Any CPU = Release|Any CPU
	EndGlobalSection
	GlobalSection(ProjectConfigurationPlatforms) = postSolution
		{0126C216-0F06-455B-A487-2D6757CD5852}.Debug|Any CPU.ActiveCfg = Debug|Any CPU
		{0126C216-0F06-455B-A487-2D6757CD5852}.Debug|Any CPU.Build.0 = Debug|Any CPU
		{0126C216-0F06-455B-A487-2D6757CD5852}.Release|Any CPU.ActiveCfg = Release|Any CPU
		{0126C216-0F06-455B-A487-2D6757CD5852}.Release|Any CPU.Build.0 = Release|Any CPU
		{8B7AD0E4-ABA7-4278-8FB4-72D560D24764}.Debug|Any CPU.ActiveCfg = Debug|Any CPU
		{8B7AD0E4-ABA7-4278-8FB4-72D560D24764}.Debug|Any CPU.Build.0 = Debug|Any CPU
		{8B7AD0E4-ABA7-4278-8FB4-72D560D24764}.Release|Any CPU.ActiveCfg = Release|Any CPU
		{8B7AD0E4-ABA7-4278-8FB4-72D560D24764}.Release|Any CPU.Build.0 = Release|Any CPU
	EndGlobalSection
	GlobalSection(SolutionProperties) = preSolution
		HideSolutionNode = FALSE
	EndGlobalSection
EndGlobal
